
Microsoft Visual Studio Solution File, Format Version 12.00
# Visual Studio 2013
VisualStudioVersion = 12.0.30110.0
MinimumVisualStudioVersion = 10.0.40219.1
Project("{FAE04EC0-301F-11D3-BF4B-00C04F79EFBC}") = "Elmah.Web", "Elmah.Web\Elmah.Web.csproj", "{4F027FAF-7FEF-4BD4-A1B0-B790D4B6BAFB}"
EndProject
Project("{FAE04EC0-301F-11D3-BF4B-00C04F79EFBC}") = "Elmah.Web.Tests", "Elmah.Web.Tests\Elmah.Web.Tests.csproj", "{2B415611-D5F1-4B48-B585-2EE9053C99E8}"
EndProject
Project("{FAE04EC0-301F-11D3-BF4B-00C04F79EFBC}") = "Elmah.Core", "Elmah.Core\Elmah.Core.csproj", "{E59DB073-5E86-4D15-895A-255A17332EB6}"
EndProject
Project("{FAE04EC0-301F-11D3-BF4B-00C04F79EFBC}") = "Elmah.Service", "Elmah.Service\Elmah.Service.csproj", "{E5DB2F85-105E-41C8-8801-4AF2CC606E39}"
EndProject
Project("{FAE04EC0-301F-11D3-BF4B-00C04F79EFBC}") = "Elmah.Service.Tests", "Elmah.Service.Tests\Elmah.Service.Tests.csproj", "{893E937C-1793-40E1-B6EF-331C00ACF760}"
EndProject
Project("{2150E333-8FDC-42A3-9474-1A3956D46DE8}") = "Build", "Build", "{A2B3977D-BD91-4A0D-B315-96DD96179066}"
	ProjectSection(SolutionItems) = preProject
		DeployService.xml = DeployService.xml
	EndProjectSection
EndProject
Global
	GlobalSection(SolutionConfigurationPlatforms) = preSolution
		Debug|Any CPU = Debug|Any CPU
		Release|Any CPU = Release|Any CPU
	EndGlobalSection
	GlobalSection(ProjectConfigurationPlatforms) = postSolution
		{4F027FAF-7FEF-4BD4-A1B0-B790D4B6BAFB}.Debug|Any CPU.ActiveCfg = Debug|Any CPU
		{4F027FAF-7FEF-4BD4-A1B0-B790D4B6BAFB}.Debug|Any CPU.Build.0 = Debug|Any CPU
		{4F027FAF-7FEF-4BD4-A1B0-B790D4B6BAFB}.Release|Any CPU.ActiveCfg = Release|Any CPU
		{4F027FAF-7FEF-4BD4-A1B0-B790D4B6BAFB}.Release|Any CPU.Build.0 = Release|Any CPU
		{2B415611-D5F1-4B48-B585-2EE9053C99E8}.Debug|Any CPU.ActiveCfg = Debug|Any CPU
		{2B415611-D5F1-4B48-B585-2EE9053C99E8}.Debug|Any CPU.Build.0 = Debug|Any CPU
		{2B415611-D5F1-4B48-B585-2EE9053C99E8}.Release|Any CPU.ActiveCfg = Release|Any CPU
		{2B415611-D5F1-4B48-B585-2EE9053C99E8}.Release|Any CPU.Build.0 = Release|Any CPU
		{E59DB073-5E86-4D15-895A-255A17332EB6}.Debug|Any CPU.ActiveCfg = Debug|Any CPU
		{E59DB073-5E86-4D15-895A-255A17332EB6}.Debug|Any CPU.Build.0 = Debug|Any CPU
		{E59DB073-5E86-4D15-895A-255A17332EB6}.Release|Any CPU.ActiveCfg = Release|Any CPU
		{E59DB073-5E86-4D15-895A-255A17332EB6}.Release|Any CPU.Build.0 = Release|Any CPU
		{E5DB2F85-105E-41C8-8801-4AF2CC606E39}.Debug|Any CPU.ActiveCfg = Debug|Any CPU
		{E5DB2F85-105E-41C8-8801-4AF2CC606E39}.Debug|Any CPU.Build.0 = Debug|Any CPU
		{E5DB2F85-105E-41C8-8801-4AF2CC606E39}.Release|Any CPU.ActiveCfg = Release|Any CPU
		{E5DB2F85-105E-41C8-8801-4AF2CC606E39}.Release|Any CPU.Build.0 = Release|Any CPU
		{893E937C-1793-40E1-B6EF-331C00ACF760}.Debug|Any CPU.ActiveCfg = Debug|Any CPU
		{893E937C-1793-40E1-B6EF-331C00ACF760}.Debug|Any CPU.Build.0 = Debug|Any CPU
		{893E937C-1793-40E1-B6EF-331C00ACF760}.Release|Any CPU.ActiveCfg = Release|Any CPU
		{893E937C-1793-40E1-B6EF-331C00ACF760}.Release|Any CPU.Build.0 = Release|Any CPU
	EndGlobalSection
	GlobalSection(SolutionProperties) = preSolution
		HideSolutionNode = FALSE
	EndGlobalSection
EndGlobal
